
Microsoft Visual Studio Solution File, Format Version 12.00
# Visual Studio Version 17
VisualStudioVersion = 17.10.35004.147
MinimumVisualStudioVersion = 10.0.40219.1
Project("{9A19103F-16F7-4668-BE54-9A1E7A4F7556}") = "FungiSimulation", "FungiSimulation\FungiSimulation.csproj", "{8A8E04F4-C7B0-4F6C-8DB6-D45B3EB79902}"
EndProject
Project("{2150E333-8FDC-42A3-9474-1A3956D46DE8}") = "Elementy rozwiązania", "Elementy rozwiązania", "{A505400B-7737-4704-B733-FEEFEAC55A1D}"
	ProjectSection(SolutionItems) = preProject
		.gitattributes = .gitattributes
		.gitignore = .gitignore
		README.md = README.md
	EndProjectSection
EndProject
Global
	GlobalSection(SolutionConfigurationPlatforms) = preSolution
		Debug|Any CPU = Debug|Any CPU
		Release|Any CPU = Release|Any CPU
	EndGlobalSection
	GlobalSection(ProjectConfigurationPlatforms) = postSolution
		{8A8E04F4-C7B0-4F6C-8DB6-D45B3EB79902}.Debug|Any CPU.ActiveCfg = Debug|Any CPU
		{8A8E04F4-C7B0-4F6C-8DB6-D45B3EB79902}.Debug|Any CPU.Build.0 = Debug|Any CPU
		{8A8E04F4-C7B0-4F6C-8DB6-D45B3EB79902}.Release|Any CPU.ActiveCfg = Release|Any CPU
		{8A8E04F4-C7B0-4F6C-8DB6-D45B3EB79902}.Release|Any CPU.Build.0 = Release|Any CPU
	EndGlobalSection
	GlobalSection(SolutionProperties) = preSolution
		HideSolutionNode = FALSE
	EndGlobalSection
	GlobalSection(ExtensibilityGlobals) = postSolution
		SolutionGuid = {7E0A5765-8B24-4811-A53E-40F458FBAB41}
	EndGlobalSection
EndGlobal
